// !$*UTF8*$!
{
	archiveVersion = 1;
	classes = {
	};
	objectVersion = 46;
	objects = {

/* Begin PBXBuildFile section */
		82B3C7AC1946773200EF957A /* AppDelegate.swift in Sources */ = {isa = PBXBuildFile; fileRef = 82B3C7AB1946773200EF957A /* AppDelegate.swift */; };
		82B3C7AE1946773200EF957A /* Images.xcassets in Resources */ = {isa = PBXBuildFile; fileRef = 82B3C7AD1946773200EF957A /* Images.xcassets */; };
		82B3C7BA1946773200EF957A /* CracklePop_SwiftTests.swift in Sources */ = {isa = PBXBuildFile; fileRef = 82B3C7B91946773200EF957A /* CracklePop_SwiftTests.swift */; };
		82B3C7C41946775700EF957A /* Storyboard.storyboard in Resources */ = {isa = PBXBuildFile; fileRef = 82B3C7C31946775700EF957A /* Storyboard.storyboard */; };
		82B3C7C6194677D200EF957A /* ViewController.swift in Sources */ = {isa = PBXBuildFile; fileRef = 82B3C7C5194677D200EF957A /* ViewController.swift */; };
/* End PBXBuildFile section */

/* Begin PBXContainerItemProxy section */
		82B3C7B41946773200EF957A /* PBXContainerItemProxy */ = {
			isa = PBXContainerItemProxy;
			containerPortal = 82B3C79E1946773200EF957A /* Project object */;
			proxyType = 1;
			remoteGlobalIDString = 82B3C7A51946773200EF957A;
			remoteInfo = "CracklePop Swift";
		};
/* End PBXContainerItemProxy section */

/* Begin PBXFileReference section */
		82B3C7A61946773200EF957A /* CracklePop Swift.app */ = {isa = PBXFileReference; explicitFileType = wrapper.application; includeInIndex = 0; path = "CracklePop Swift.app"; sourceTree = BUILT_PRODUCTS_DIR; };
		82B3C7AA1946773200EF957A /* Info.plist */ = {isa = PBXFileReference; lastKnownFileType = text.plist.xml; path = Info.plist; sourceTree = "<group>"; };
		82B3C7AB1946773200EF957A /* AppDelegate.swift */ = {isa = PBXFileReference; lastKnownFileType = sourcecode.swift; path = AppDelegate.swift; sourceTree = "<group>"; };
		82B3C7AD1946773200EF957A /* Images.xcassets */ = {isa = PBXFileReference; lastKnownFileType = folder.assetcatalog; path = Images.xcassets; sourceTree = "<group>"; };
		82B3C7B31946773200EF957A /* CracklePop SwiftTests.xctest */ = {isa = PBXFileReference; explicitFileType = wrapper.cfbundle; includeInIndex = 0; path = "CracklePop SwiftTests.xctest"; sourceTree = BUILT_PRODUCTS_DIR; };
		82B3C7B81946773200EF957A /* Info.plist */ = {isa = PBXFileReference; lastKnownFileType = text.plist.xml; path = Info.plist; sourceTree = "<group>"; };
		82B3C7B91946773200EF957A /* CracklePop_SwiftTests.swift */ = {isa = PBXFileReference; lastKnownFileType = sourcecode.swift; path = CracklePop_SwiftTests.swift; sourceTree = "<group>"; };
		82B3C7C31946775700EF957A /* Storyboard.storyboard */ = {isa = PBXFileReference; fileEncoding = 4; lastKnownFileType = file.storyboard; path = Storyboard.storyboard; sourceTree = "<group>"; };
		82B3C7C5194677D200EF957A /* ViewController.swift */ = {isa = PBXFileReference; fileEncoding = 4; lastKnownFileType = sourcecode.swift; path = ViewController.swift; sourceTree = "<group>"; };
/* End PBXFileReference section */

/* Begin PBXFrameworksBuildPhase section */
		82B3C7A31946773200EF957A /* Frameworks */ = {
			isa = PBXFrameworksBuildPhase;
			buildActionMask = 2147483647;
			files = (
			);
			runOnlyForDeploymentPostprocessing = 0;
		};
		82B3C7B01946773200EF957A /* Frameworks */ = {
			isa = PBXFrameworksBuildPhase;
			buildActionMask = 2147483647;
			files = (
			);
			runOnlyForDeploymentPostprocessing = 0;
		};
/* End PBXFrameworksBuildPhase section */

/* Begin PBXGroup section */
		82B3C79D1946773200EF957A = {
			isa = PBXGroup;
			children = (
				82B3C7A81946773200EF957A /* CracklePop Swift */,
				82B3C7B61946773200EF957A /* CracklePop SwiftTests */,
				82B3C7A71946773200EF957A /* Products */,
			);
			sourceTree = "<group>";
		};
		82B3C7A71946773200EF957A /* Products */ = {
			isa = PBXGroup;
			children = (
				82B3C7A61946773200EF957A /* CracklePop Swift.app */,
				82B3C7B31946773200EF957A /* CracklePop SwiftTests.xctest */,
			);
			name = Products;
			sourceTree = "<group>";
		};
		82B3C7A81946773200EF957A /* CracklePop Swift */ = {
			isa = PBXGroup;
			children = (
				82B3C7AB1946773200EF957A /* AppDelegate.swift */,
				82B3C7AD1946773200EF957A /* Images.xcassets */,
				82B3C7A91946773200EF957A /* Supporting Files */,
				82B3C7C31946775700EF957A /* Storyboard.storyboard */,
				82B3C7C5194677D200EF957A /* ViewController.swift */,
			);
			path = "CracklePop Swift";
			sourceTree = "<group>";
		};
		82B3C7A91946773200EF957A /* Supporting Files */ = {
			isa = PBXGroup;
			children = (
				82B3C7AA1946773200EF957A /* Info.plist */,
			);
			name = "Supporting Files";
			sourceTree = "<group>";
		};
		82B3C7B61946773200EF957A /* CracklePop SwiftTests */ = {
			isa = PBXGroup;
			children = (
				82B3C7B91946773200EF957A /* CracklePop_SwiftTests.swift */,
				82B3C7B71946773200EF957A /* Supporting Files */,
			);
			path = "CracklePop SwiftTests";
			sourceTree = "<group>";
		};
		82B3C7B71946773200EF957A /* Supporting Files */ = {
			isa = PBXGroup;
			children = (
				82B3C7B81946773200EF957A /* Info.plist */,
			);
			name = "Supporting Files";
			sourceTree = "<group>";
		};
/* End PBXGroup section */

/* Begin PBXNativeTarget section */
		82B3C7A51946773200EF957A /* CracklePop Swift */ = {
			isa = PBXNativeTarget;
			buildConfigurationList = 82B3C7BD1946773200EF957A /* Build configuration list for PBXNativeTarget "CracklePop Swift" */;
			buildPhases = (
				82B3C7A21946773200EF957A /* Sources */,
				82B3C7A31946773200EF957A /* Frameworks */,
				82B3C7A41946773200EF957A /* Resources */,
			);
			buildRules = (
			);
			dependencies = (
			);
			name = "CracklePop Swift";
			productName = "CracklePop Swift";
			productReference = 82B3C7A61946773200EF957A /* CracklePop Swift.app */;
			productType = "com.apple.product-type.application";
		};
		82B3C7B21946773200EF957A /* CracklePop SwiftTests */ = {
			isa = PBXNativeTarget;
			buildConfigurationList = 82B3C7C01946773200EF957A /* Build configuration list for PBXNativeTarget "CracklePop SwiftTests" */;
			buildPhases = (
				82B3C7AF1946773200EF957A /* Sources */,
				82B3C7B01946773200EF957A /* Frameworks */,
				82B3C7B11946773200EF957A /* Resources */,
			);
			buildRules = (
			);
			dependencies = (
				82B3C7B51946773200EF957A /* PBXTargetDependency */,
			);
			name = "CracklePop SwiftTests";
			productName = "CracklePop SwiftTests";
			productReference = 82B3C7B31946773200EF957A /* CracklePop SwiftTests.xctest */;
			productType = "com.apple.product-type.bundle.unit-test";
		};
/* End PBXNativeTarget section */

/* Begin PBXProject section */
		82B3C79E1946773200EF957A /* Project object */ = {
			isa = PBXProject;
			attributes = {
				LastUpgradeCheck = 0600;
				ORGANIZATIONNAME = "Laura Skelton";
				TargetAttributes = {
					82B3C7A51946773200EF957A = {
						CreatedOnToolsVersion = 6.0;
					};
					82B3C7B21946773200EF957A = {
						CreatedOnToolsVersion = 6.0;
						TestTargetID = 82B3C7A51946773200EF957A;
					};
				};
			};
			buildConfigurationList = 82B3C7A11946773200EF957A /* Build configuration list for PBXProject "CracklePop Swift" */;
			compatibilityVersion = "Xcode 3.2";
			developmentRegion = English;
			hasScannedForEncodings = 0;
			knownRegions = (
				en,
			);
			mainGroup = 82B3C79D1946773200EF957A;
			productRefGroup = 82B3C7A71946773200EF957A /* Products */;
			projectDirPath = "";
			projectRoot = "";
			targets = (
				82B3C7A51946773200EF957A /* CracklePop Swift */,
				82B3C7B21946773200EF957A /* CracklePop SwiftTests */,
			);
		};
/* End PBXProject section */

/* Begin PBXResourcesBuildPhase section */
		82B3C7A41946773200EF957A /* Resources */ = {
			isa = PBXResourcesBuildPhase;
			buildActionMask = 2147483647;
			files = (
				82B3C7AE1946773200EF957A /* Images.xcassets in Resources */,
				82B3C7C41946775700EF957A /* Storyboard.storyboard in Resources */,
			);
			runOnlyForDeploymentPostprocessing = 0;
		};
		82B3C7B11946773200EF957A /* Resources */ = {
			isa = PBXResourcesBuildPhase;
			buildActionMask = 2147483647;
			files = (
			);
			runOnlyForDeploymentPostprocessing = 0;
		};
/* End PBXResourcesBuildPhase section */

/* Begin PBXSourcesBuildPhase section */
		82B3C7A21946773200EF957A /* Sources */ = {
			isa = PBXSourcesBuildPhase;
			buildActionMask = 2147483647;
			files = (
				82B3C7C6194677D200EF957A /* ViewController.swift in Sources */,
				82B3C7AC1946773200EF957A /* AppDelegate.swift in Sources */,
			);
			runOnlyForDeploymentPostprocessing = 0;
		};
		82B3C7AF1946773200EF957A /* Sources */ = {
			isa = PBXSourcesBuildPhase;
			buildActionMask = 2147483647;
			files = (
				82B3C7BA1946773200EF957A /* CracklePop_SwiftTests.swift in Sources */,
			);
			runOnlyForDeploymentPostprocessing = 0;
		};
/* End PBXSourcesBuildPhase section */

/* Begin PBXTargetDependency section */
		82B3C7B51946773200EF957A /* PBXTargetDependency */ = {
			isa = PBXTargetDependency;
			target = 82B3C7A51946773200EF957A /* CracklePop Swift */;
			targetProxy = 82B3C7B41946773200EF957A /* PBXContainerItemProxy */;
		};
/* End PBXTargetDependency section */

/* Begin XCBuildConfiguration section */
		82B3C7BB1946773200EF957A /* Debug */ = {
			isa = XCBuildConfiguration;
			buildSettings = {
				ALWAYS_SEARCH_USER_PATHS = NO;
				CLANG_CXX_LANGUAGE_STANDARD = "gnu++0x";
				CLANG_CXX_LIBRARY = "libc++";
				CLANG_ENABLE_MODULES = YES;
				CLANG_ENABLE_OBJC_ARC = YES;
				CLANG_WARN_BOOL_CONVERSION = YES;
				CLANG_WARN_CONSTANT_CONVERSION = YES;
				CLANG_WARN_DIRECT_OBJC_ISA_USAGE = YES_ERROR;
				CLANG_WARN_EMPTY_BODY = YES;
				CLANG_WARN_ENUM_CONVERSION = YES;
				CLANG_WARN_INT_CONVERSION = YES;
				CLANG_WARN_OBJC_ROOT_CLASS = YES_ERROR;
				CLANG_WARN_UNREACHABLE_CODE = YES;
				CLANG_WARN__DUPLICATE_METHOD_MATCH = YES;
				"CODE_SIGN_IDENTITY[sdk=iphoneos*]" = "iPhone Developer";
				COPY_PHASE_STRIP = NO;
				ENABLE_STRICT_OBJC_MSGSEND = YES;
				GCC_C_LANGUAGE_STANDARD = gnu99;
				GCC_DYNAMIC_NO_PIC = NO;
				GCC_OPTIMIZATION_LEVEL = 0;
				GCC_PREPROCESSOR_DEFINITIONS = (
					"DEBUG=1",
					"$(inherited)",
				);
				GCC_SYMBOLS_PRIVATE_EXTERN = NO;
				GCC_WARN_64_TO_32_BIT_CONVERSION = YES;
				GCC_WARN_ABOUT_RETURN_TYPE = YES_ERROR;
				GCC_WARN_UNDECLARED_SELECTOR = YES;
				GCC_WARN_UNINITIALIZED_AUTOS = YES_AGGRESSIVE;
				GCC_WARN_UNUSED_FUNCTION = YES;
				GCC_WARN_UNUSED_VARIABLE = YES;
				IPHONEOS_DEPLOYMENT_TARGET = 8.0;
				METAL_ENABLE_DEBUG_INFO = YES;
				ONLY_ACTIVE_ARCH = YES;
				SDKROOT = iphoneos;
				SWIFT_OPTIMIZATION_LEVEL = "-Onone";
			};
			name = Debug;
		};
		82B3C7BC1946773200EF957A /* Release */ = {
			isa = XCBuildConfiguration;
			buildSettings = {
				ALWAYS_SEARCH_USER_PATHS = NO;
				CLANG_CXX_LANGUAGE_STANDARD = "gnu++0x";
				CLANG_CXX_LIBRARY = "libc++";
				CLANG_ENABLE_MODULES = YES;
				CLANG_ENABLE_OBJC_ARC = YES;
				CLANG_WARN_BOOL_CONVERSION = YES;
				CLANG_WARN_CONSTANT_CONVERSION = YES;
				CLANG_WARN_DIRECT_OBJC_ISA_USAGE = YES_ERROR;
				CLANG_WARN_EMPTY_BODY = YES;
				CLANG_WARN_ENUM_CONVERSION = YES;
				CLANG_WARN_INT_CONVERSION = YES;
				CLANG_WARN_OBJC_ROOT_CLASS = YES_ERROR;
				CLANG_WARN_UNREACHABLE_CODE = YES;
				CLANG_WARN__DUPLICATE_METHOD_MATCH = YES;
				"CODE_SIGN_IDENTITY[sdk=iphoneos*]" = "iPhone Developer";
				COPY_PHASE_STRIP = YES;
				ENABLE_NS_ASSERTIONS = NO;
				ENABLE_STRICT_OBJC_MSGSEND = YES;
				GCC_C_LANGUAGE_STANDARD = gnu99;
				GCC_WARN_64_TO_32_BIT_CONVERSION = YES;
				GCC_WARN_ABOUT_RETURN_TYPE = YES_ERROR;
				GCC_WARN_UNDECLARED_SELECTOR = YES;
				GCC_WARN_UNINITIALIZED_AUTOS = YES_AGGRESSIVE;
				GCC_WARN_UNUSED_FUNCTION = YES;
				GCC_WARN_UNUSED_VARIABLE = YES;
				IPHONEOS_DEPLOYMENT_TARGET = 8.0;
				METAL_ENABLE_DEBUG_INFO = NO;
				SDKROOT = iphoneos;
				VALIDATE_PRODUCT = YES;
			};
			name = Release;
		};
		82B3C7BE1946773200EF957A /* Debug */ = {
			isa = XCBuildConfiguration;
			buildSettings = {
				ASSETCATALOG_COMPILER_APPICON_NAME = AppIcon;
				ASSETCATALOG_COMPILER_LAUNCHIMAGE_NAME = LaunchImage;
				INFOPLIST_FILE = "CracklePop Swift/Info.plist";
				LD_RUNPATH_SEARCH_PATHS = "$(inherited) @executable_path/Frameworks";
				PRODUCT_NAME = "$(TARGET_NAME)";
			};
			name = Debug;
		};
		82B3C7BF1946773200EF957A /* Release */ = {
			isa = XCBuildConfiguration;
			buildSettings = {
				ASSETCATALOG_COMPILER_APPICON_NAME = AppIcon;
				ASSETCATALOG_COMPILER_LAUNCHIMAGE_NAME = LaunchImage;
				INFOPLIST_FILE = "CracklePop Swift/Info.plist";
				LD_RUNPATH_SEARCH_PATHS = "$(inherited) @executable_path/Frameworks";
				PRODUCT_NAME = "$(TARGET_NAME)";
			};
			name = Release;
		};
		82B3C7C11946773200EF957A /* Debug */ = {
			isa = XCBuildConfiguration;
			buildSettings = {
				BUNDLE_LOADER = "$(BUILT_PRODUCTS_DIR)/CracklePop Swift.app/CracklePop Swift";
				FRAMEWORK_SEARCH_PATHS = (
					"$(SDKROOT)/Developer/Library/Frameworks",
					"$(inherited)",
				);
				GCC_PREPROCESSOR_DEFINITIONS = (
					"DEBUG=1",
					"$(inherited)",
				);
				INFOPLIST_FILE = "CracklePop SwiftTests/Info.plist";
				LD_RUNPATH_SEARCH_PATHS = "$(inherited) @executable_path/Frameworks @loader_path/Frameworks";
				METAL_ENABLE_DEBUG_INFO = YES;
				PRODUCT_NAME = "$(TARGET_NAME)";
				TEST_HOST = "$(BUNDLE_LOADER)";
			};
			name = Debug;
		};
		82B3C7C21946773200EF957A /* Release */ = {
			isa = XCBuildConfiguration;
			buildSettings = {
				BUNDLE_LOADER = "$(BUILT_PRODUCTS_DIR)/CracklePop Swift.app/CracklePop Swift";
				FRAMEWORK_SEARCH_PATHS = (
					"$(SDKROOT)/Developer/Library/Frameworks",
					"$(inherited)",
				);
				INFOPLIST_FILE = "CracklePop SwiftTests/Info.plist";
				LD_RUNPATH_SEARCH_PATHS = "$(inherited) @executable_path/Frameworks @loader_path/Frameworks";
				METAL_ENABLE_DEBUG_INFO = NO;
				PRODUCT_NAME = "$(TARGET_NAME)";
				TEST_HOST = "$(BUNDLE_LOADER)";
			};
			name = Release;
		};
/* End XCBuildConfiguration section */

/* Begin XCConfigurationList section */
		82B3C7A11946773200EF957A /* Build configuration list for PBXProject "CracklePop Swift" */ = {
			isa = XCConfigurationList;
			buildConfigurations = (
				82B3C7BB1946773200EF957A /* Debug */,
				82B3C7BC1946773200EF957A /* Release */,
			);
			defaultConfigurationIsVisible = 0;
			defaultConfigurationName = Release;
		};
		82B3C7BD1946773200EF957A /* Build configuration list for PBXNativeTarget "CracklePop Swift" */ = {
			isa = XCConfigurationList;
			buildConfigurations = (
				82B3C7BE1946773200EF957A /* Debug */,
				82B3C7BF1946773200EF957A /* Release */,
			);
			defaultConfigurationIsVisible = 0;
		};
		82B3C7C01946773200EF957A /* Build configuration list for PBXNativeTarget "CracklePop SwiftTests" */ = {
			isa = XCConfigurationList;
			buildConfigurations = (
				82B3C7C11946773200EF957A /* Debug */,
				82B3C7C21946773200EF957A /* Release */,
			);
			defaultConfigurationIsVisible = 0;
		};
/* End XCConfigurationList section */
	};
	rootObject = 82B3C79E1946773200EF957A /* Project object */;
}
